
Microsoft Visual Studio Solution File, Format Version 12.00
# Visual Studio Version 17
VisualStudioVersion = 17.9.34701.34
MinimumVisualStudioVersion = 10.0.40219.1
Project("{8BC9CEB8-8B4A-11D0-8D11-00A0C91BC942}") = "MD21", "MD21\MD21.vcxproj", "{3B13B01E-2A79-4187-A8E8-090C4079FFDF}"
EndProject
Global
	GlobalSection(SolutionConfigurationPlatforms) = preSolution
		Debug|x64 = Debug|x64
		Debug|x86 = Debug|x86
		Release|x64 = Release|x64
		Release|x86 = Release|x86
	EndGlobalSection
	GlobalSection(ProjectConfigurationPlatforms) = postSolution
		{3B13B01E-2A79-4187-A8E8-090C4079FFDF}.Debug|x64.ActiveCfg = Debug|x64
		{3B13B01E-2A79-4187-A8E8-090C4079FFDF}.Debug|x64.Build.0 = Debug|x64
		{3B13B01E-2A79-4187-A8E8-090C4079FFDF}.Debug|x86.ActiveCfg = Debug|Win32
		{3B13B01E-2A79-4187-A8E8-090C4079FFDF}.Debug|x86.Build.0 = Debug|Win32
		{3B13B01E-2A79-4187-A8E8-090C4079FFDF}.Release|x64.ActiveCfg = Release|x64
		{3B13B01E-2A79-4187-A8E8-090C4079FFDF}.Release|x64.Build.0 = Release|x64
		{3B13B01E-2A79-4187-A8E8-090C4079FFDF}.Release|x86.ActiveCfg = Release|Win32
		{3B13B01E-2A79-4187-A8E8-090C4079FFDF}.Release|x86.Build.0 = Release|Win32
	EndGlobalSection
	GlobalSection(SolutionProperties) = preSolution
		HideSolutionNode = FALSE
	EndGlobalSection
	GlobalSection(ExtensibilityGlobals) = postSolution
		SolutionGuid = {E9CA1E50-5117-475A-A07A-E1C0E83DAC66}
	EndGlobalSection
EndGlobal
