
Microsoft Visual Studio Solution File, Format Version 12.00
# Visual Studio Version 17
VisualStudioVersion = 17.7.34031.279
MinimumVisualStudioVersion = 10.0.40219.1
Project("{8BC9CEB8-8B4A-11D0-8D11-00A0C91BC942}") = "MD2", "MD2\MD2.vcxproj", "{C95F0872-4892-477E-BA46-7A22F24DCC3E}"
EndProject
Global
	GlobalSection(SolutionConfigurationPlatforms) = preSolution
		Debug|x64 = Debug|x64
		Debug|x86 = Debug|x86
		Release|x64 = Release|x64
		Release|x86 = Release|x86
	EndGlobalSection
	GlobalSection(ProjectConfigurationPlatforms) = postSolution
		{C95F0872-4892-477E-BA46-7A22F24DCC3E}.Debug|x64.ActiveCfg = Debug|x64
		{C95F0872-4892-477E-BA46-7A22F24DCC3E}.Debug|x64.Build.0 = Debug|x64
		{C95F0872-4892-477E-BA46-7A22F24DCC3E}.Debug|x86.ActiveCfg = Debug|Win32
		{C95F0872-4892-477E-BA46-7A22F24DCC3E}.Debug|x86.Build.0 = Debug|Win32
		{C95F0872-4892-477E-BA46-7A22F24DCC3E}.Release|x64.ActiveCfg = Release|x64
		{C95F0872-4892-477E-BA46-7A22F24DCC3E}.Release|x64.Build.0 = Release|x64
		{C95F0872-4892-477E-BA46-7A22F24DCC3E}.Release|x86.ActiveCfg = Release|Win32
		{C95F0872-4892-477E-BA46-7A22F24DCC3E}.Release|x86.Build.0 = Release|Win32
	EndGlobalSection
	GlobalSection(SolutionProperties) = preSolution
		HideSolutionNode = FALSE
	EndGlobalSection
	GlobalSection(ExtensibilityGlobals) = postSolution
		SolutionGuid = {BC639347-FE68-4C33-89B9-58661576BBC4}
	EndGlobalSection
EndGlobal
